// !$*UTF8*$!
{
	archiveVersion = 1;
	classes = {
	};
	objectVersion = 46;
	objects = {

/* Begin PBXBuildFile section */
		C921C11F1CF902B200B711ED /* AppDelegate.swift in Sources */ = {isa = PBXBuildFile; fileRef = C921C11E1CF902B200B711ED /* AppDelegate.swift */; };
		C921C1211CF902B200B711ED /* ViewController.swift in Sources */ = {isa = PBXBuildFile; fileRef = C921C1201CF902B200B711ED /* ViewController.swift */; };
		C921C1241CF902B200B711ED /* Main.storyboard in Resources */ = {isa = PBXBuildFile; fileRef = C921C1221CF902B200B711ED /* Main.storyboard */; };
		C921C1271CF902B200B711ED /* Gradr.xcdatamodeld in Sources */ = {isa = PBXBuildFile; fileRef = C921C1251CF902B200B711ED /* Gradr.xcdatamodeld */; };
		C921C1291CF902B200B711ED /* Assets.xcassets in Resources */ = {isa = PBXBuildFile; fileRef = C921C1281CF902B200B711ED /* Assets.xcassets */; };
		C921C12C1CF902B200B711ED /* LaunchScreen.storyboard in Resources */ = {isa = PBXBuildFile; fileRef = C921C12A1CF902B200B711ED /* LaunchScreen.storyboard */; };
/* End PBXBuildFile section */

/* Begin PBXFileReference section */
		C921C11B1CF902B200B711ED /* Gradr.app */ = {isa = PBXFileReference; explicitFileType = wrapper.application; includeInIndex = 0; path = Gradr.app; sourceTree = BUILT_PRODUCTS_DIR; };
		C921C11E1CF902B200B711ED /* AppDelegate.swift */ = {isa = PBXFileReference; lastKnownFileType = sourcecode.swift; path = AppDelegate.swift; sourceTree = "<group>"; };
		C921C1201CF902B200B711ED /* ViewController.swift */ = {isa = PBXFileReference; lastKnownFileType = sourcecode.swift; path = ViewController.swift; sourceTree = "<group>"; };
		C921C1231CF902B200B711ED /* Base */ = {isa = PBXFileReference; lastKnownFileType = file.storyboard; name = Base; path = Base.lproj/Main.storyboard; sourceTree = "<group>"; };
		C921C1261CF902B200B711ED /* Gradr.xcdatamodel */ = {isa = PBXFileReference; lastKnownFileType = wrapper.xcdatamodel; path = Gradr.xcdatamodel; sourceTree = "<group>"; };
		C921C1281CF902B200B711ED /* Assets.xcassets */ = {isa = PBXFileReference; lastKnownFileType = folder.assetcatalog; path = Assets.xcassets; sourceTree = "<group>"; };
		C921C12B1CF902B200B711ED /* Base */ = {isa = PBXFileReference; lastKnownFileType = file.storyboard; name = Base; path = Base.lproj/LaunchScreen.storyboard; sourceTree = "<group>"; };
		C921C12D1CF902B200B711ED /* Info.plist */ = {isa = PBXFileReference; lastKnownFileType = text.plist.xml; path = Info.plist; sourceTree = "<group>"; };
/* End PBXFileReference section */

/* Begin PBXFrameworksBuildPhase section */
		C921C1181CF902B200B711ED /* Frameworks */ = {
			isa = PBXFrameworksBuildPhase;
			buildActionMask = 2147483647;
			files = (
			);
			runOnlyForDeploymentPostprocessing = 0;
		};
/* End PBXFrameworksBuildPhase section */

/* Begin PBXGroup section */
		C921C1121CF902B200B711ED = {
			isa = PBXGroup;
			children = (
				C921C11D1CF902B200B711ED /* Gradr */,
				C921C11C1CF902B200B711ED /* Products */,
			);
			sourceTree = "<group>";
		};
		C921C11C1CF902B200B711ED /* Products */ = {
			isa = PBXGroup;
			children = (
				C921C11B1CF902B200B711ED /* Gradr.app */,
			);
			name = Products;
			sourceTree = "<group>";
		};
		C921C11D1CF902B200B711ED /* Gradr */ = {
			isa = PBXGroup;
			children = (
				C921C11E1CF902B200B711ED /* AppDelegate.swift */,
				C921C1201CF902B200B711ED /* ViewController.swift */,
				C921C1221CF902B200B711ED /* Main.storyboard */,
				C921C1281CF902B200B711ED /* Assets.xcassets */,
				C921C12A1CF902B200B711ED /* LaunchScreen.storyboard */,
				C921C12D1CF902B200B711ED /* Info.plist */,
				C921C1251CF902B200B711ED /* Gradr.xcdatamodeld */,
			);
			path = Gradr;
			sourceTree = "<group>";
		};
/* End PBXGroup section */

/* Begin PBXNativeTarget section */
		C921C11A1CF902B200B711ED /* Gradr */ = {
			isa = PBXNativeTarget;
			buildConfigurationList = C921C1301CF902B200B711ED /* Build configuration list for PBXNativeTarget "Gradr" */;
			buildPhases = (
				C921C1171CF902B200B711ED /* Sources */,
				C921C1181CF902B200B711ED /* Frameworks */,
				C921C1191CF902B200B711ED /* Resources */,
			);
			buildRules = (
			);
			dependencies = (
			);
			name = Gradr;
			productName = Gradr;
			productReference = C921C11B1CF902B200B711ED /* Gradr.app */;
			productType = "com.apple.product-type.application";
		};
/* End PBXNativeTarget section */

/* Begin PBXProject section */
		C921C1131CF902B200B711ED /* Project object */ = {
			isa = PBXProject;
			attributes = {
				LastSwiftUpdateCheck = 0730;
				LastUpgradeCheck = 0730;
				ORGANIZATIONNAME = della;
				TargetAttributes = {
					C921C11A1CF902B200B711ED = {
						CreatedOnToolsVersion = 7.3;
					};
				};
			};
			buildConfigurationList = C921C1161CF902B200B711ED /* Build configuration list for PBXProject "Gradr" */;
			compatibilityVersion = "Xcode 3.2";
			developmentRegion = English;
			hasScannedForEncodings = 0;
			knownRegions = (
				en,
				Base,
			);
			mainGroup = C921C1121CF902B200B711ED;
			productRefGroup = C921C11C1CF902B200B711ED /* Products */;
			projectDirPath = "";
			projectRoot = "";
			targets = (
				C921C11A1CF902B200B711ED /* Gradr */,
			);
		};
/* End PBXProject section */

/* Begin PBXResourcesBuildPhase section */
		C921C1191CF902B200B711ED /* Resources */ = {
			isa = PBXResourcesBuildPhase;
			buildActionMask = 2147483647;
			files = (
				C921C12C1CF902B200B711ED /* LaunchScreen.storyboard in Resources */,
				C921C1291CF902B200B711ED /* Assets.xcassets in Resources */,
				C921C1241CF902B200B711ED /* Main.storyboard in Resources */,
			);
			runOnlyForDeploymentPostprocessing = 0;
		};
/* End PBXResourcesBuildPhase section */

/* Begin PBXSourcesBuildPhase section */
		C921C1171CF902B200B711ED /* Sources */ = {
			isa = PBXSourcesBuildPhase;
			buildActionMask = 2147483647;
			files = (
				C921C1211CF902B200B711ED /* ViewController.swift in Sources */,
				C921C11F1CF902B200B711ED /* AppDelegate.swift in Sources */,
				C921C1271CF902B200B711ED /* Gradr.xcdatamodeld in Sources */,
			);
			runOnlyForDeploymentPostprocessing = 0;
		};
/* End PBXSourcesBuildPhase section */

/* Begin PBXVariantGroup section */
		C921C1221CF902B200B711ED /* Main.storyboard */ = {
			isa = PBXVariantGroup;
			children = (
				C921C1231CF902B200B711ED /* Base */,
			);
			name = Main.storyboard;
			sourceTree = "<group>";
		};
		C921C12A1CF902B200B711ED /* LaunchScreen.storyboard */ = {
			isa = PBXVariantGroup;
			children = (
				C921C12B1CF902B200B711ED /* Base */,
			);
			name = LaunchScreen.storyboard;
			sourceTree = "<group>";
		};
/* End PBXVariantGroup section */

/* Begin XCBuildConfiguration section */
		C921C12E1CF902B200B711ED /* Debug */ = {
			isa = XCBuildConfiguration;
			buildSettings = {
				ALWAYS_SEARCH_USER_PATHS = NO;
				CLANG_ANALYZER_NONNULL = YES;
				CLANG_CXX_LANGUAGE_STANDARD = "gnu++0x";
				CLANG_CXX_LIBRARY = "libc++";
				CLANG_ENABLE_MODULES = YES;
				CLANG_ENABLE_OBJC_ARC = YES;
				CLANG_WARN_BOOL_CONVERSION = YES;
				CLANG_WARN_CONSTANT_CONVERSION = YES;
				CLANG_WARN_DIRECT_OBJC_ISA_USAGE = YES_ERROR;
				CLANG_WARN_EMPTY_BODY = YES;
				CLANG_WARN_ENUM_CONVERSION = YES;
				CLANG_WARN_INT_CONVERSION = YES;
				CLANG_WARN_OBJC_ROOT_CLASS = YES_ERROR;
				CLANG_WARN_UNREACHABLE_CODE = YES;
				CLANG_WARN__DUPLICATE_METHOD_MATCH = YES;
				"CODE_SIGN_IDENTITY[sdk=iphoneos*]" = "iPhone Developer";
				COPY_PHASE_STRIP = NO;
				DEBUG_INFORMATION_FORMAT = dwarf;
				ENABLE_STRICT_OBJC_MSGSEND = YES;
				ENABLE_TESTABILITY = YES;
				GCC_C_LANGUAGE_STANDARD = gnu99;
				GCC_DYNAMIC_NO_PIC = NO;
				GCC_NO_COMMON_BLOCKS = YES;
				GCC_OPTIMIZATION_LEVEL = 0;
				GCC_PREPROCESSOR_DEFINITIONS = (
					"DEBUG=1",
					"$(inherited)",
				);
				GCC_WARN_64_TO_32_BIT_CONVERSION = YES;
				GCC_WARN_ABOUT_RETURN_TYPE = YES_ERROR;
				GCC_WARN_UNDECLARED_SELECTOR = YES;
				GCC_WARN_UNINITIALIZED_AUTOS = YES_AGGRESSIVE;
				GCC_WARN_UNUSED_FUNCTION = YES;
				GCC_WARN_UNUSED_VARIABLE = YES;
				IPHONEOS_DEPLOYMENT_TARGET = 9.3;
				MTL_ENABLE_DEBUG_INFO = YES;
				ONLY_ACTIVE_ARCH = YES;
				SDKROOT = iphoneos;
				SWIFT_OPTIMIZATION_LEVEL = "-Onone";
				TARGETED_DEVICE_FAMILY = "1,2";
			};
			name = Debug;
		};
		C921C12F1CF902B200B711ED /* Release */ = {
			isa = XCBuildConfiguration;
			buildSettings = {
				ALWAYS_SEARCH_USER_PATHS = NO;
				CLANG_ANALYZER_NONNULL = YES;
				CLANG_CXX_LANGUAGE_STANDARD = "gnu++0x";
				CLANG_CXX_LIBRARY = "libc++";
				CLANG_ENABLE_MODULES = YES;
				CLANG_ENABLE_OBJC_ARC = YES;
				CLANG_WARN_BOOL_CONVERSION = YES;
				CLANG_WARN_CONSTANT_CONVERSION = YES;
				CLANG_WARN_DIRECT_OBJC_ISA_USAGE = YES_ERROR;
				CLANG_WARN_EMPTY_BODY = YES;
				CLANG_WARN_ENUM_CONVERSION = YES;
				CLANG_WARN_INT_CONVERSION = YES;
				CLANG_WARN_OBJC_ROOT_CLASS = YES_ERROR;
				CLANG_WARN_UNREACHABLE_CODE = YES;
				CLANG_WARN__DUPLICATE_METHOD_MATCH = YES;
				"CODE_SIGN_IDENTITY[sdk=iphoneos*]" = "iPhone Developer";
				COPY_PHASE_STRIP = NO;
				DEBUG_INFORMATION_FORMAT = "dwarf-with-dsym";
				ENABLE_NS_ASSERTIONS = NO;
				ENABLE_STRICT_OBJC_MSGSEND = YES;
				GCC_C_LANGUAGE_STANDARD = gnu99;
				GCC_NO_COMMON_BLOCKS = YES;
				GCC_WARN_64_TO_32_BIT_CONVERSION = YES;
				GCC_WARN_ABOUT_RETURN_TYPE = YES_ERROR;
				GCC_WARN_UNDECLARED_SELECTOR = YES;
				GCC_WARN_UNINITIALIZED_AUTOS = YES_AGGRESSIVE;
				GCC_WARN_UNUSED_FUNCTION = YES;
				GCC_WARN_UNUSED_VARIABLE = YES;
				IPHONEOS_DEPLOYMENT_TARGET = 9.3;
				MTL_ENABLE_DEBUG_INFO = NO;
				SDKROOT = iphoneos;
				TARGETED_DEVICE_FAMILY = "1,2";
				VALIDATE_PRODUCT = YES;
			};
			name = Release;
		};
		C921C1311CF902B200B711ED /* Debug */ = {
			isa = XCBuildConfiguration;
			buildSettings = {
				ASSETCATALOG_COMPILER_APPICON_NAME = AppIcon;
				INFOPLIST_FILE = Gradr/Info.plist;
				LD_RUNPATH_SEARCH_PATHS = "$(inherited) @executable_path/Frameworks";
				PRODUCT_BUNDLE_IDENTIFIER = com.della.Gradr;
				PRODUCT_NAME = "$(TARGET_NAME)";
			};
			name = Debug;
		};
		C921C1321CF902B200B711ED /* Release */ = {
			isa = XCBuildConfiguration;
			buildSettings = {
				ASSETCATALOG_COMPILER_APPICON_NAME = AppIcon;
				INFOPLIST_FILE = Gradr/Info.plist;
				LD_RUNPATH_SEARCH_PATHS = "$(inherited) @executable_path/Frameworks";
				PRODUCT_BUNDLE_IDENTIFIER = com.della.Gradr;
				PRODUCT_NAME = "$(TARGET_NAME)";
			};
			name = Release;
		};
/* End XCBuildConfiguration section */

/* Begin XCConfigurationList section */
		C921C1161CF902B200B711ED /* Build configuration list for PBXProject "Gradr" */ = {
			isa = XCConfigurationList;
			buildConfigurations = (
				C921C12E1CF902B200B711ED /* Debug */,
				C921C12F1CF902B200B711ED /* Release */,
			);
			defaultConfigurationIsVisible = 0;
			defaultConfigurationName = Release;
		};
		C921C1301CF902B200B711ED /* Build configuration list for PBXNativeTarget "Gradr" */ = {
			isa = XCConfigurationList;
			buildConfigurations = (
				C921C1311CF902B200B711ED /* Debug */,
				C921C1321CF902B200B711ED /* Release */,
			);
			defaultConfigurationIsVisible = 0;
		};
/* End XCConfigurationList section */

/* Begin XCVersionGroup section */
		C921C1251CF902B200B711ED /* Gradr.xcdatamodeld */ = {
			isa = XCVersionGroup;
			children = (
				C921C1261CF902B200B711ED /* Gradr.xcdatamodel */,
			);
			currentVersion = C921C1261CF902B200B711ED /* Gradr.xcdatamodel */;
			path = Gradr.xcdatamodeld;
			sourceTree = "<group>";
			versionGroupType = wrapper.xcdatamodel;
		};
/* End XCVersionGroup section */
	};
	rootObject = C921C1131CF902B200B711ED /* Project object */;
}
